// !$*UTF8*$!
{
	archiveVersion = 1;
	classes = {
	};
	objectVersion = 46;
	objects = {

/* Begin PBXBuildFile section */
		2A2462A31C9712B300ED5584 /* JSONValueConvertible.swift in Sources */ = {isa = PBXBuildFile; fileRef = 2A2462A21C9712B300ED5584 /* JSONValueConvertible.swift */; };
		2A4AC3FF1CA45DBB004A7371 /* Decodable.swift in Sources */ = {isa = PBXBuildFile; fileRef = 2A4AC3FE1CA45DBB004A7371 /* Decodable.swift */; };
		2AB8A8661C9718D8006BA3FE /* JSONObject.swift in Sources */ = {isa = PBXBuildFile; fileRef = 2AB8A8651C9718D8006BA3FE /* JSONObject.swift */; };
		2AC11EA31C935DA100D4C2FE /* DistilError.swift in Sources */ = {isa = PBXBuildFile; fileRef = 2AC11E9C1C935DA100D4C2FE /* DistilError.swift */; };
		2AC11EA41C935DA100D4C2FE /* Distillable.swift in Sources */ = {isa = PBXBuildFile; fileRef = 2AC11E9D1C935DA100D4C2FE /* Distillable.swift */; };
		2AC11EA51C935DA100D4C2FE /* DistilResult.swift in Sources */ = {isa = PBXBuildFile; fileRef = 2AC11E9E1C935DA100D4C2FE /* DistilResult.swift */; };
		2AC11EA71C935DA100D4C2FE /* JSON.swift in Sources */ = {isa = PBXBuildFile; fileRef = 2AC11EA01C935DA100D4C2FE /* JSON.swift */; };
		2AC11EA81C935DA100D4C2FE /* JSONPath.swift in Sources */ = {isa = PBXBuildFile; fileRef = 2AC11EA11C935DA100D4C2FE /* JSONPath.swift */; };
		2AC11EA91C935DA100D4C2FE /* OptionalType.swift in Sources */ = {isa = PBXBuildFile; fileRef = 2AC11EA21C935DA100D4C2FE /* OptionalType.swift */; };
		2AD37FB01C96216E00DB7BC1 /* JSONValue.swift in Sources */ = {isa = PBXBuildFile; fileRef = 2AD37FAF1C96216E00DB7BC1 /* JSONValue.swift */; };
		2AD37FB21C96250C00DB7BC1 /* Serializable.swift in Sources */ = {isa = PBXBuildFile; fileRef = 2AD37FB11C96250C00DB7BC1 /* Serializable.swift */; };
/* End PBXBuildFile section */

/* Begin PBXFileReference section */
		2A2462A21C9712B300ED5584 /* JSONValueConvertible.swift */ = {isa = PBXFileReference; fileEncoding = 4; lastKnownFileType = sourcecode.swift; path = JSONValueConvertible.swift; sourceTree = "<group>"; };
		2A4AC3FE1CA45DBB004A7371 /* Decodable.swift */ = {isa = PBXFileReference; fileEncoding = 4; lastKnownFileType = sourcecode.swift; path = Decodable.swift; sourceTree = "<group>"; };
		2AB8A8651C9718D8006BA3FE /* JSONObject.swift */ = {isa = PBXFileReference; fileEncoding = 4; lastKnownFileType = sourcecode.swift; path = JSONObject.swift; sourceTree = "<group>"; };
		2AC11E8F1C935BFB00D4C2FE /* Alembic.framework */ = {isa = PBXFileReference; explicitFileType = wrapper.framework; includeInIndex = 0; path = Alembic.framework; sourceTree = BUILT_PRODUCTS_DIR; };
		2AC11E9C1C935DA100D4C2FE /* DistilError.swift */ = {isa = PBXFileReference; fileEncoding = 4; lastKnownFileType = sourcecode.swift; path = DistilError.swift; sourceTree = "<group>"; };
		2AC11E9D1C935DA100D4C2FE /* Distillable.swift */ = {isa = PBXFileReference; fileEncoding = 4; lastKnownFileType = sourcecode.swift; path = Distillable.swift; sourceTree = "<group>"; };
		2AC11E9E1C935DA100D4C2FE /* DistilResult.swift */ = {isa = PBXFileReference; fileEncoding = 4; lastKnownFileType = sourcecode.swift; path = DistilResult.swift; sourceTree = "<group>"; };
		2AC11E9F1C935DA100D4C2FE /* Info.plist */ = {isa = PBXFileReference; fileEncoding = 4; lastKnownFileType = text.plist.xml; path = Info.plist; sourceTree = "<group>"; };
		2AC11EA01C935DA100D4C2FE /* JSON.swift */ = {isa = PBXFileReference; fileEncoding = 4; lastKnownFileType = sourcecode.swift; path = JSON.swift; sourceTree = "<group>"; };
		2AC11EA11C935DA100D4C2FE /* JSONPath.swift */ = {isa = PBXFileReference; fileEncoding = 4; lastKnownFileType = sourcecode.swift; path = JSONPath.swift; sourceTree = "<group>"; };
		2AC11EA21C935DA100D4C2FE /* OptionalType.swift */ = {isa = PBXFileReference; fileEncoding = 4; lastKnownFileType = sourcecode.swift; path = OptionalType.swift; sourceTree = "<group>"; };
		2AD37FAF1C96216E00DB7BC1 /* JSONValue.swift */ = {isa = PBXFileReference; fileEncoding = 4; lastKnownFileType = sourcecode.swift; path = JSONValue.swift; sourceTree = "<group>"; };
		2AD37FB11C96250C00DB7BC1 /* Serializable.swift */ = {isa = PBXFileReference; fileEncoding = 4; lastKnownFileType = sourcecode.swift; path = Serializable.swift; sourceTree = "<group>"; };
/* End PBXFileReference section */

/* Begin PBXFrameworksBuildPhase section */
		2AC11E8B1C935BFB00D4C2FE /* Frameworks */ = {
			isa = PBXFrameworksBuildPhase;
			buildActionMask = 2147483647;
			files = (
			);
			runOnlyForDeploymentPostprocessing = 0;
		};
/* End PBXFrameworksBuildPhase section */

/* Begin PBXGroup section */
		2AC11E851C935BFB00D4C2FE = {
			isa = PBXGroup;
			children = (
				2AC11E9B1C935DA100D4C2FE /* Sources */,
				2AC11E901C935BFB00D4C2FE /* Products */,
			);
			sourceTree = "<group>";
		};
		2AC11E901C935BFB00D4C2FE /* Products */ = {
			isa = PBXGroup;
			children = (
				2AC11E8F1C935BFB00D4C2FE /* Alembic.framework */,
			);
			name = Products;
			sourceTree = "<group>";
		};
		2AC11E9B1C935DA100D4C2FE /* Sources */ = {
			isa = PBXGroup;
			children = (
				2AC11E9F1C935DA100D4C2FE /* Info.plist */,
				2AC11EA01C935DA100D4C2FE /* JSON.swift */,
				2AC11EA11C935DA100D4C2FE /* JSONPath.swift */,
				2AC11E9E1C935DA100D4C2FE /* DistilResult.swift */,
				2AC11E9D1C935DA100D4C2FE /* Distillable.swift */,
				2A4AC3FE1CA45DBB004A7371 /* Decodable.swift */,
				2AC11E9C1C935DA100D4C2FE /* DistilError.swift */,
				2AC11EA21C935DA100D4C2FE /* OptionalType.swift */,
				2AD37FAF1C96216E00DB7BC1 /* JSONValue.swift */,
				2A2462A21C9712B300ED5584 /* JSONValueConvertible.swift */,
				2AB8A8651C9718D8006BA3FE /* JSONObject.swift */,
				2AD37FB11C96250C00DB7BC1 /* Serializable.swift */,
			);
			path = Sources;
			sourceTree = "<group>";
		};
/* End PBXGroup section */

/* Begin PBXHeadersBuildPhase section */
		2AC11E8C1C935BFB00D4C2FE /* Headers */ = {
			isa = PBXHeadersBuildPhase;
			buildActionMask = 2147483647;
			files = (
			);
			runOnlyForDeploymentPostprocessing = 0;
		};
/* End PBXHeadersBuildPhase section */

/* Begin PBXNativeTarget section */
		2AC11E8E1C935BFB00D4C2FE /* Alembic */ = {
			isa = PBXNativeTarget;
			buildConfigurationList = 2AC11E971C935BFB00D4C2FE /* Build configuration list for PBXNativeTarget "Alembic" */;
			buildPhases = (
				2AC11E8A1C935BFB00D4C2FE /* Sources */,
				2AC11E8B1C935BFB00D4C2FE /* Frameworks */,
				2AC11E8C1C935BFB00D4C2FE /* Headers */,
				2AC11E8D1C935BFB00D4C2FE /* Resources */,
			);
			buildRules = (
			);
			dependencies = (
			);
			name = Alembic;
			productName = Alembic;
			productReference = 2AC11E8F1C935BFB00D4C2FE /* Alembic.framework */;
			productType = "com.apple.product-type.framework";
		};
/* End PBXNativeTarget section */

/* Begin PBXProject section */
		2AC11E861C935BFB00D4C2FE /* Project object */ = {
			isa = PBXProject;
			attributes = {
				LastUpgradeCheck = 0720;
				ORGANIZATIONNAME = "Ryo Aoyama";
				TargetAttributes = {
					2AC11E8E1C935BFB00D4C2FE = {
						CreatedOnToolsVersion = 7.2.1;
						DevelopmentTeam = 35SS6N9UMP;
					};
				};
			};
			buildConfigurationList = 2AC11E891C935BFB00D4C2FE /* Build configuration list for PBXProject "Alembic" */;
			compatibilityVersion = "Xcode 3.2";
			developmentRegion = English;
			hasScannedForEncodings = 0;
			knownRegions = (
				en,
			);
			mainGroup = 2AC11E851C935BFB00D4C2FE;
			productRefGroup = 2AC11E901C935BFB00D4C2FE /* Products */;
			projectDirPath = "";
			projectRoot = "";
			targets = (
				2AC11E8E1C935BFB00D4C2FE /* Alembic */,
			);
		};
/* End PBXProject section */

/* Begin PBXResourcesBuildPhase section */
		2AC11E8D1C935BFB00D4C2FE /* Resources */ = {
			isa = PBXResourcesBuildPhase;
			buildActionMask = 2147483647;
			files = (
			);
			runOnlyForDeploymentPostprocessing = 0;
		};
/* End PBXResourcesBuildPhase section */

/* Begin PBXSourcesBuildPhase section */
		2AC11E8A1C935BFB00D4C2FE /* Sources */ = {
			isa = PBXSourcesBuildPhase;
			buildActionMask = 2147483647;
			files = (
				2AC11EA31C935DA100D4C2FE /* DistilError.swift in Sources */,
				2AC11EA41C935DA100D4C2FE /* Distillable.swift in Sources */,
				2AC11EA51C935DA100D4C2FE /* DistilResult.swift in Sources */,
				2A2462A31C9712B300ED5584 /* JSONValueConvertible.swift in Sources */,
				2AB8A8661C9718D8006BA3FE /* JSONObject.swift in Sources */,
				2AC11EA91C935DA100D4C2FE /* OptionalType.swift in Sources */,
				2AD37FB21C96250C00DB7BC1 /* Serializable.swift in Sources */,
				2A4AC3FF1CA45DBB004A7371 /* Decodable.swift in Sources */,
				2AC11EA71C935DA100D4C2FE /* JSON.swift in Sources */,
				2AC11EA81C935DA100D4C2FE /* JSONPath.swift in Sources */,
				2AD37FB01C96216E00DB7BC1 /* JSONValue.swift in Sources */,
			);
			runOnlyForDeploymentPostprocessing = 0;
		};
/* End PBXSourcesBuildPhase section */

/* Begin XCBuildConfiguration section */
		2AC11E951C935BFB00D4C2FE /* Debug */ = {
			isa = XCBuildConfiguration;
			buildSettings = {
				ALWAYS_SEARCH_USER_PATHS = NO;
				CLANG_CXX_LANGUAGE_STANDARD = "gnu++0x";
				CLANG_CXX_LIBRARY = "libc++";
				CLANG_ENABLE_MODULES = YES;
				CLANG_ENABLE_OBJC_ARC = YES;
				CLANG_WARN_BOOL_CONVERSION = YES;
				CLANG_WARN_CONSTANT_CONVERSION = YES;
				CLANG_WARN_DIRECT_OBJC_ISA_USAGE = YES_ERROR;
				CLANG_WARN_EMPTY_BODY = YES;
				CLANG_WARN_ENUM_CONVERSION = YES;
				CLANG_WARN_INT_CONVERSION = YES;
				CLANG_WARN_OBJC_ROOT_CLASS = YES_ERROR;
				CLANG_WARN_UNREACHABLE_CODE = YES;
				CLANG_WARN__DUPLICATE_METHOD_MATCH = YES;
				"CODE_SIGN_IDENTITY[sdk=iphoneos*]" = "iPhone Developer";
				COPY_PHASE_STRIP = NO;
				CURRENT_PROJECT_VERSION = 1;
				DEBUG_INFORMATION_FORMAT = dwarf;
				ENABLE_STRICT_OBJC_MSGSEND = YES;
				ENABLE_TESTABILITY = YES;
				GCC_C_LANGUAGE_STANDARD = gnu99;
				GCC_DYNAMIC_NO_PIC = NO;
				GCC_NO_COMMON_BLOCKS = YES;
				GCC_OPTIMIZATION_LEVEL = 0;
				GCC_PREPROCESSOR_DEFINITIONS = (
					"DEBUG=1",
					"$(inherited)",
				);
				GCC_WARN_64_TO_32_BIT_CONVERSION = YES;
				GCC_WARN_ABOUT_RETURN_TYPE = YES_ERROR;
				GCC_WARN_UNDECLARED_SELECTOR = YES;
				GCC_WARN_UNINITIALIZED_AUTOS = YES_AGGRESSIVE;
				GCC_WARN_UNUSED_FUNCTION = YES;
				GCC_WARN_UNUSED_VARIABLE = YES;
				IPHONEOS_DEPLOYMENT_TARGET = 9.2;
				MTL_ENABLE_DEBUG_INFO = YES;
				ONLY_ACTIVE_ARCH = YES;
				SDKROOT = iphoneos;
				SWIFT_OPTIMIZATION_LEVEL = "-Onone";
				TARGETED_DEVICE_FAMILY = "1,2";
				VERSIONING_SYSTEM = "apple-generic";
				VERSION_INFO_PREFIX = "";
			};
			name = Debug;
		};
		2AC11E961C935BFB00D4C2FE /* Release */ = {
			isa = XCBuildConfiguration;
			buildSettings = {
				ALWAYS_SEARCH_USER_PATHS = NO;
				CLANG_CXX_LANGUAGE_STANDARD = "gnu++0x";
				CLANG_CXX_LIBRARY = "libc++";
				CLANG_ENABLE_MODULES = YES;
				CLANG_ENABLE_OBJC_ARC = YES;
				CLANG_WARN_BOOL_CONVERSION = YES;
				CLANG_WARN_CONSTANT_CONVERSION = YES;
				CLANG_WARN_DIRECT_OBJC_ISA_USAGE = YES_ERROR;
				CLANG_WARN_EMPTY_BODY = YES;
				CLANG_WARN_ENUM_CONVERSION = YES;
				CLANG_WARN_INT_CONVERSION = YES;
				CLANG_WARN_OBJC_ROOT_CLASS = YES_ERROR;
				CLANG_WARN_UNREACHABLE_CODE = YES;
				CLANG_WARN__DUPLICATE_METHOD_MATCH = YES;
				"CODE_SIGN_IDENTITY[sdk=iphoneos*]" = "iPhone Developer";
				COPY_PHASE_STRIP = NO;
				CURRENT_PROJECT_VERSION = 1;
				DEBUG_INFORMATION_FORMAT = "dwarf-with-dsym";
				ENABLE_NS_ASSERTIONS = NO;
				ENABLE_STRICT_OBJC_MSGSEND = YES;
				GCC_C_LANGUAGE_STANDARD = gnu99;
				GCC_NO_COMMON_BLOCKS = YES;
				GCC_WARN_64_TO_32_BIT_CONVERSION = YES;
				GCC_WARN_ABOUT_RETURN_TYPE = YES_ERROR;
				GCC_WARN_UNDECLARED_SELECTOR = YES;
				GCC_WARN_UNINITIALIZED_AUTOS = YES_AGGRESSIVE;
				GCC_WARN_UNUSED_FUNCTION = YES;
				GCC_WARN_UNUSED_VARIABLE = YES;
				IPHONEOS_DEPLOYMENT_TARGET = 9.2;
				MTL_ENABLE_DEBUG_INFO = NO;
				SDKROOT = iphoneos;
				TARGETED_DEVICE_FAMILY = "1,2";
				VALIDATE_PRODUCT = YES;
				VERSIONING_SYSTEM = "apple-generic";
				VERSION_INFO_PREFIX = "";
			};
			name = Release;
		};
		2AC11E981C935BFB00D4C2FE /* Debug */ = {
			isa = XCBuildConfiguration;
			buildSettings = {
				DEFINES_MODULE = YES;
				DYLIB_COMPATIBILITY_VERSION = 1;
				DYLIB_CURRENT_VERSION = 1;
				DYLIB_INSTALL_NAME_BASE = "@rpath";
				INFOPLIST_FILE = "$(SRCROOT)/Sources/Info.plist";
				INSTALL_PATH = "$(LOCAL_LIBRARY_DIR)/Frameworks";
				LD_RUNPATH_SEARCH_PATHS = "$(inherited) @executable_path/Frameworks @loader_path/Frameworks";
				PRODUCT_BUNDLE_IDENTIFIER = com.ryo.Alembic;
				PRODUCT_NAME = "$(TARGET_NAME)";
				SKIP_INSTALL = YES;
			};
			name = Debug;
		};
		2AC11E991C935BFB00D4C2FE /* Release */ = {
			isa = XCBuildConfiguration;
			buildSettings = {
				DEFINES_MODULE = YES;
				DYLIB_COMPATIBILITY_VERSION = 1;
				DYLIB_CURRENT_VERSION = 1;
				DYLIB_INSTALL_NAME_BASE = "@rpath";
				INFOPLIST_FILE = "$(SRCROOT)/Sources/Info.plist";
				INSTALL_PATH = "$(LOCAL_LIBRARY_DIR)/Frameworks";
				LD_RUNPATH_SEARCH_PATHS = "$(inherited) @executable_path/Frameworks @loader_path/Frameworks";
				PRODUCT_BUNDLE_IDENTIFIER = com.ryo.Alembic;
				PRODUCT_NAME = "$(TARGET_NAME)";
				SKIP_INSTALL = YES;
			};
			name = Release;
		};
/* End XCBuildConfiguration section */

/* Begin XCConfigurationList section */
		2AC11E891C935BFB00D4C2FE /* Build configuration list for PBXProject "Alembic" */ = {
			isa = XCConfigurationList;
			buildConfigurations = (
				2AC11E951C935BFB00D4C2FE /* Debug */,
				2AC11E961C935BFB00D4C2FE /* Release */,
			);
			defaultConfigurationIsVisible = 0;
			defaultConfigurationName = Release;
		};
		2AC11E971C935BFB00D4C2FE /* Build configuration list for PBXNativeTarget "Alembic" */ = {
			isa = XCConfigurationList;
			buildConfigurations = (
				2AC11E981C935BFB00D4C2FE /* Debug */,
				2AC11E991C935BFB00D4C2FE /* Release */,
			);
			defaultConfigurationIsVisible = 0;
			defaultConfigurationName = Release;
		};
/* End XCConfigurationList section */
	};
	rootObject = 2AC11E861C935BFB00D4C2FE /* Project object */;
}
